// !$*UTF8*$!
{
	archiveVersion = 1;
	classes = {
	};
	objectVersion = 77;
	objects = {

/* Begin PBXBuildFile section */
		A10000000000000000000001 /* MLX in Frameworks */ = {isa = PBXBuildFile; productRef = A10000000000000000000011 /* MLX */; };
		A10000000000000000000002 /* MLXLLM in Frameworks */ = {isa = PBXBuildFile; productRef = A10000000000000000000012 /* MLXLLM */; };
		A10000000000000000000003 /* MLXLMCommon in Frameworks */ = {isa = PBXBuildFile; productRef = A10000000000000000000013 /* MLXLMCommon */; };
		A10000000000000000000004 /* MLXHuggingFace in Frameworks */ = {isa = PBXBuildFile; productRef = A10000000000000000000014 /* MLXHuggingFace */; };
		A10000000000000000000005 /* HuggingFace in Frameworks */ = {isa = PBXBuildFile; productRef = A10000000000000000000015 /* HuggingFace */; };
		A10000000000000000000006 /* Tokenizers in Frameworks */ = {isa = PBXBuildFile; productRef = A10000000000000000000016 /* Tokenizers */; };
		C30000000000000000000001 /* UcapHutangWidget.appex in Embed Foundation Extensions */ = {isa = PBXBuildFile; fileRef = C30000000000000000000002 /* UcapHutangWidget.appex */; settings = {ATTRIBUTES = (RemoveHeadersOnCopy, ); }; };
/* End PBXBuildFile section */

/* Begin PBXContainerItemProxy section */
		B2000000000000000000000B /* PBXContainerItemProxy */ = {
			isa = PBXContainerItemProxy;
			containerPortal = 6509AD923053F0AB00B67E93 /* Project object */;
			proxyType = 1;
			remoteGlobalIDString = 6509AD993053F0AB00B67E93;
			remoteInfo = UcapHutang;
		};
		C30000000000000000000003 /* PBXContainerItemProxy */ = {
			isa = PBXContainerItemProxy;
			containerPortal = 6509AD923053F0AB00B67E93 /* Project object */;
			proxyType = 1;
			remoteGlobalIDString = C30000000000000000000010;
			remoteInfo = UcapHutangWidget;
		};
/* End PBXContainerItemProxy section */

/* Begin PBXCopyFilesBuildPhase section */
		C30000000000000000000004 /* Embed Foundation Extensions */ = {
			isa = PBXCopyFilesBuildPhase;
			buildActionMask = 2147483647;
			dstPath = "";
			dstSubfolderSpec = 13;
			files = (
				C30000000000000000000001 /* UcapHutangWidget.appex in Embed Foundation Extensions */,
			);
			name = "Embed Foundation Extensions";
			runOnlyForDeploymentPostprocessing = 0;
		};
/* End PBXCopyFilesBuildPhase section */

/* Begin PBXFileReference section */
		6509AD9A3053F0AB00B67E93 /* UcapHutang.app */ = {isa = PBXFileReference; explicitFileType = wrapper.application; includeInIndex = 0; path = UcapHutang.app; sourceTree = BUILT_PRODUCTS_DIR; };
		B20000000000000000000001 /* UcapHutangTests.xctest */ = {isa = PBXFileReference; explicitFileType = wrapper.cfbundle; includeInIndex = 0; path = UcapHutangTests.xctest; sourceTree = BUILT_PRODUCTS_DIR; };
		C30000000000000000000002 /* UcapHutangWidget.appex */ = {isa = PBXFileReference; explicitFileType = "wrapper.app-extension"; includeInIndex = 0; path = UcapHutangWidget.appex; sourceTree = BUILT_PRODUCTS_DIR; };
/* End PBXFileReference section */

/* Begin PBXFileSystemSynchronizedBuildFileExceptionSet section */
		C30000000000000000000030 /* Exceptions for "UcapHutang" folder in "UcapHutang" target */ = {
			isa = PBXFileSystemSynchronizedBuildFileExceptionSet;
			membershipExceptions = (
				Info.plist,
			);
			target = 6509AD993053F0AB00B67E93 /* UcapHutang */;
		};
		C30000000000000000000031 /* Exceptions for "UcapHutangWidget" folder in "UcapHutangWidget" target */ = {
			isa = PBXFileSystemSynchronizedBuildFileExceptionSet;
			membershipExceptions = (
				Info.plist,
			);
			target = C30000000000000000000010 /* UcapHutangWidget */;
		};
/* End PBXFileSystemSynchronizedBuildFileExceptionSet section */

/* Begin PBXFileSystemSynchronizedRootGroup section */
		6509AD9C3053F0AB00B67E93 /* UcapHutang */ = {
			isa = PBXFileSystemSynchronizedRootGroup;
			exceptions = (
				C30000000000000000000030 /* Exceptions for "UcapHutang" folder in "UcapHutang" target */,
			);
			path = UcapHutang;
			sourceTree = "<group>";
		};
		B20000000000000000000002 /* UcapHutangTests */ = {
			isa = PBXFileSystemSynchronizedRootGroup;
			path = UcapHutangTests;
			sourceTree = "<group>";
		};
		C30000000000000000000005 /* UcapHutangWidget */ = {
			isa = PBXFileSystemSynchronizedRootGroup;
			exceptions = (
				C30000000000000000000031 /* Exceptions for "UcapHutangWidget" folder in "UcapHutangWidget" target */,
			);
			path = UcapHutangWidget;
			sourceTree = "<group>";
		};
/* End PBXFileSystemSynchronizedRootGroup section */

/* Begin PBXFrameworksBuildPhase section */
		6509AD973053F0AB00B67E93 /* Frameworks */ = {
			isa = PBXFrameworksBuildPhase;
			buildActionMask = 2147483647;
			files = (
				A10000000000000000000001 /* MLX in Frameworks */,
				A10000000000000000000002 /* MLXLLM in Frameworks */,
				A10000000000000000000003 /* MLXLMCommon in Frameworks */,
				A10000000000000000000004 /* MLXHuggingFace in Frameworks */,
				A10000000000000000000005 /* HuggingFace in Frameworks */,
				A10000000000000000000006 /* Tokenizers in Frameworks */,
			);
			runOnlyForDeploymentPostprocessing = 0;
		};
		B20000000000000000000003 /* Frameworks */ = {
			isa = PBXFrameworksBuildPhase;
			buildActionMask = 2147483647;
			files = (
			);
			runOnlyForDeploymentPostprocessing = 0;
		};
		C30000000000000000000006 /* Frameworks */ = {
			isa = PBXFrameworksBuildPhase;
			buildActionMask = 2147483647;
			files = (
			);
			runOnlyForDeploymentPostprocessing = 0;
		};
/* End PBXFrameworksBuildPhase section */

/* Begin PBXGroup section */
		6509AD913053F0AB00B67E93 = {
			isa = PBXGroup;
			children = (
				6509AD9C3053F0AB00B67E93 /* UcapHutang */,
				B20000000000000000000002 /* UcapHutangTests */,
				C30000000000000000000005 /* UcapHutangWidget */,
				6509AD9B3053F0AB00B67E93 /* Products */,
			);
			sourceTree = "<group>";
		};
		6509AD9B3053F0AB00B67E93 /* Products */ = {
			isa = PBXGroup;
			children = (
				6509AD9A3053F0AB00B67E93 /* UcapHutang.app */,
				B20000000000000000000001 /* UcapHutangTests.xctest */,
				C30000000000000000000002 /* UcapHutangWidget.appex */,
			);
			name = Products;
			sourceTree = "<group>";
		};
/* End PBXGroup section */

/* Begin PBXNativeTarget section */
		6509AD993053F0AB00B67E93 /* UcapHutang */ = {
			isa = PBXNativeTarget;
			buildConfigurationList = 6509ADA53053F0AC00B67E93 /* Build configuration list for PBXNativeTarget "UcapHutang" */;
			buildPhases = (
				6509AD963053F0AB00B67E93 /* Sources */,
				6509AD973053F0AB00B67E93 /* Frameworks */,
				6509AD983053F0AB00B67E93 /* Resources */,
				C30000000000000000000004 /* Embed Foundation Extensions */,
			);
			buildRules = (
			);
			dependencies = (
				C30000000000000000000011 /* PBXTargetDependency */,
			);
			fileSystemSynchronizedGroups = (
				6509AD9C3053F0AB00B67E93 /* UcapHutang */,
			);
			name = UcapHutang;
			packageProductDependencies = (
				A10000000000000000000011 /* MLX */,
				A10000000000000000000012 /* MLXLLM */,
				A10000000000000000000013 /* MLXLMCommon */,
				A10000000000000000000014 /* MLXHuggingFace */,
				A10000000000000000000015 /* HuggingFace */,
				A10000000000000000000016 /* Tokenizers */,
			);
			productName = UcapHutang;
			productReference = 6509AD9A3053F0AB00B67E93 /* UcapHutang.app */;
			productType = "com.apple.product-type.application";
		};
		B20000000000000000000004 /* UcapHutangTests */ = {
			isa = PBXNativeTarget;
			buildConfigurationList = B20000000000000000000009 /* Build configuration list for PBXNativeTarget "UcapHutangTests" */;
			buildPhases = (
				B20000000000000000000006 /* Sources */,
				B20000000000000000000003 /* Frameworks */,
				B20000000000000000000007 /* Resources */,
			);
			buildRules = (
			);
			dependencies = (
				B2000000000000000000000C /* PBXTargetDependency */,
			);
			fileSystemSynchronizedGroups = (
				B20000000000000000000002 /* UcapHutangTests */,
			);
			name = UcapHutangTests;
			productName = UcapHutangTests;
			productReference = B20000000000000000000001 /* UcapHutangTests.xctest */;
			productType = "com.apple.product-type.bundle.unit-test";
		};
		C30000000000000000000010 /* UcapHutangWidget */ = {
			isa = PBXNativeTarget;
			buildConfigurationList = C30000000000000000000020 /* Build configuration list for PBXNativeTarget "UcapHutangWidget" */;
			buildPhases = (
				C30000000000000000000007 /* Sources */,
				C30000000000000000000006 /* Frameworks */,
				C30000000000000000000008 /* Resources */,
			);
			buildRules = (
			);
			dependencies = (
			);
			fileSystemSynchronizedGroups = (
				C30000000000000000000005 /* UcapHutangWidget */,
			);
			name = UcapHutangWidget;
			productName = UcapHutangWidget;
			productReference = C30000000000000000000002 /* UcapHutangWidget.appex */;
			productType = "com.apple.product-type.app-extension";
		};
/* End PBXNativeTarget section */

/* Begin PBXProject section */
		6509AD923053F0AB00B67E93 /* Project object */ = {
			isa = PBXProject;
			attributes = {
				BuildIndependentTargetsInParallel = 1;
				LastSwiftUpdateCheck = 2660;
				LastUpgradeCheck = 2660;
				TargetAttributes = {
					6509AD993053F0AB00B67E93 = {
						CreatedOnToolsVersion = 26.6;
					};
					C30000000000000000000010 = {
						CreatedOnToolsVersion = 26.6;
					};
				};
			};
			buildConfigurationList = 6509AD953053F0AB00B67E93 /* Build configuration list for PBXProject "UcapHutang" */;
			developmentRegion = en;
			hasScannedForEncodings = 0;
			knownRegions = (
				en,
				Base,
			);
			mainGroup = 6509AD913053F0AB00B67E93;
			minimizedProjectReferenceProxies = 1;
			packageReferences = (
				A10000000000000000000021 /* XCRemoteSwiftPackageReference "mlx-swift" */,
				A10000000000000000000022 /* XCRemoteSwiftPackageReference "mlx-swift-lm" */,
				A10000000000000000000023 /* XCRemoteSwiftPackageReference "swift-transformers" */,
			);
			preferredProjectObjectVersion = 77;
			productRefGroup = 6509AD9B3053F0AB00B67E93 /* Products */;
			projectDirPath = "";
			projectRoot = "";
			targets = (
				6509AD993053F0AB00B67E93 /* UcapHutang */,
				B20000000000000000000004 /* UcapHutangTests */,
				C30000000000000000000010 /* UcapHutangWidget */,
			);
		};
/* End PBXProject section */

/* Begin PBXResourcesBuildPhase section */
		6509AD983053F0AB00B67E93 /* Resources */ = {
			isa = PBXResourcesBuildPhase;
			buildActionMask = 2147483647;
			files = (
			);
			runOnlyForDeploymentPostprocessing = 0;
		};
		B20000000000000000000007 /* Resources */ = {
			isa = PBXResourcesBuildPhase;
			buildActionMask = 2147483647;
			files = (
			);
			runOnlyForDeploymentPostprocessing = 0;
		};
		C30000000000000000000008 /* Resources */ = {
			isa = PBXResourcesBuildPhase;
			buildActionMask = 2147483647;
			files = (
			);
			runOnlyForDeploymentPostprocessing = 0;
		};
/* End PBXResourcesBuildPhase section */

/* Begin PBXSourcesBuildPhase section */
		6509AD963053F0AB00B67E93 /* Sources */ = {
			isa = PBXSourcesBuildPhase;
			buildActionMask = 2147483647;
			files = (
			);
			runOnlyForDeploymentPostprocessing = 0;
		};
		B20000000000000000000006 /* Sources */ = {
			isa = PBXSourcesBuildPhase;
			buildActionMask = 2147483647;
			files = (
			);
			runOnlyForDeploymentPostprocessing = 0;
		};
		C30000000000000000000007 /* Sources */ = {
			isa = PBXSourcesBuildPhase;
			buildActionMask = 2147483647;
			files = (
			);
			runOnlyForDeploymentPostprocessing = 0;
		};
/* End PBXSourcesBuildPhase section */

/* Begin PBXTargetDependency section */
		B2000000000000000000000C /* PBXTargetDependency */ = {
			isa = PBXTargetDependency;
			target = 6509AD993053F0AB00B67E93 /* UcapHutang */;
			targetProxy = B2000000000000000000000B /* PBXContainerItemProxy */;
		};
		C30000000000000000000011 /* PBXTargetDependency */ = {
			isa = PBXTargetDependency;
			target = C30000000000000000000010 /* UcapHutangWidget */;
			targetProxy = C30000000000000000000003 /* PBXContainerItemProxy */;
		};
/* End PBXTargetDependency section */

/* Begin XCBuildConfiguration section */
		6509ADA33053F0AC00B67E93 /* Debug */ = {
			isa = XCBuildConfiguration;
			buildSettings = {
				ALWAYS_SEARCH_USER_PATHS = NO;
				ASSETCATALOG_COMPILER_GENERATE_SWIFT_ASSET_SYMBOL_EXTENSIONS = YES;
				CLANG_ANALYZER_NONNULL = YES;
				CLANG_ANALYZER_NUMBER_OBJECT_CONVERSION = YES_AGGRESSIVE;
				CLANG_CXX_LANGUAGE_STANDARD = "gnu++20";
				CLANG_ENABLE_MODULES = YES;
				CLANG_ENABLE_OBJC_ARC = YES;
				CLANG_ENABLE_OBJC_WEAK = YES;
				CLANG_WARN_BLOCK_CAPTURE_AUTORELEASING = YES;
				CLANG_WARN_BOOL_CONVERSION = YES;
				CLANG_WARN_COMMA = YES;
				CLANG_WARN_CONSTANT_CONVERSION = YES;
				CLANG_WARN_DEPRECATED_OBJC_IMPLEMENTATIONS = YES;
				CLANG_WARN_DIRECT_OBJC_ISA_USAGE = YES_ERROR;
				CLANG_WARN_DOCUMENTATION_COMMENTS = YES;
				CLANG_WARN_EMPTY_BODY = YES;
				CLANG_WARN_ENUM_CONVERSION = YES;
				CLANG_WARN_INFINITE_RECURSION = YES;
				CLANG_WARN_INT_CONVERSION = YES;
				CLANG_WARN_NON_LITERAL_NULL_CONVERSION = YES;
				CLANG_WARN_OBJC_IMPLICIT_RETAIN_SELF = YES;
				CLANG_WARN_OBJC_LITERAL_CONVERSION = YES;
				CLANG_WARN_OBJC_ROOT_CLASS = YES_ERROR;
				CLANG_WARN_QUOTED_INCLUDE_IN_FRAMEWORK_HEADER = YES;
				CLANG_WARN_RANGE_LOOP_ANALYSIS = YES;
				CLANG_WARN_STRICT_PROTOTYPES = YES;
				CLANG_WARN_SUSPICIOUS_MOVE = YES;
				CLANG_WARN_UNGUARDED_AVAILABILITY = YES_AGGRESSIVE;
				CLANG_WARN_UNREACHABLE_CODE = YES;
				CLANG_WARN__DUPLICATE_METHOD_MATCH = YES;
				COPY_PHASE_STRIP = NO;
				DEBUG_INFORMATION_FORMAT = dwarf;
				ENABLE_STRICT_OBJC_MSGSEND = YES;
				ENABLE_TESTABILITY = YES;
				ENABLE_USER_SCRIPT_SANDBOXING = YES;
				GCC_C_LANGUAGE_STANDARD = gnu17;
				GCC_DYNAMIC_NO_PIC = NO;
				GCC_NO_COMMON_BLOCKS = YES;
				GCC_OPTIMIZATION_LEVEL = 0;
				GCC_PREPROCESSOR_DEFINITIONS = (
					"DEBUG=1",
					"$(inherited)",
				);
				GCC_WARN_64_TO_32_BIT_CONVERSION = YES;
				GCC_WARN_ABOUT_RETURN_TYPE = YES_ERROR;
				GCC_WARN_UNDECLARED_SELECTOR = YES;
				GCC_WARN_UNINITIALIZED_AUTOS = YES_AGGRESSIVE;
				GCC_WARN_UNUSED_FUNCTION = YES;
				GCC_WARN_UNUSED_VARIABLE = YES;
				IPHONEOS_DEPLOYMENT_TARGET = 17.0;
				LOCALIZATION_PREFERS_STRING_CATALOGS = YES;
				MTL_ENABLE_DEBUG_INFO = INCLUDE_SOURCE;
				MTL_FAST_MATH = YES;
				ONLY_ACTIVE_ARCH = YES;
				SDKROOT = iphoneos;
				SWIFT_ACTIVE_COMPILATION_CONDITIONS = "DEBUG $(inherited)";
				SWIFT_OPTIMIZATION_LEVEL = "-Onone";
			};
			name = Debug;
		};
		6509ADA43053F0AC00B67E93 /* Release */ = {
			isa = XCBuildConfiguration;
			buildSettings = {
				ALWAYS_SEARCH_USER_PATHS = NO;
				ASSETCATALOG_COMPILER_GENERATE_SWIFT_ASSET_SYMBOL_EXTENSIONS = YES;
				CLANG_ANALYZER_NONNULL = YES;
				CLANG_ANALYZER_NUMBER_OBJECT_CONVERSION = YES_AGGRESSIVE;
				CLANG_CXX_LANGUAGE_STANDARD = "gnu++20";
				CLANG_ENABLE_MODULES = YES;
				CLANG_ENABLE_OBJC_ARC = YES;
				CLANG_ENABLE_OBJC_WEAK = YES;
				CLANG_WARN_BLOCK_CAPTURE_AUTORELEASING = YES;
				CLANG_WARN_BOOL_CONVERSION = YES;
				CLANG_WARN_COMMA = YES;
				CLANG_WARN_CONSTANT_CONVERSION = YES;
				CLANG_WARN_DEPRECATED_OBJC_IMPLEMENTATIONS = YES;
				CLANG_WARN_DIRECT_OBJC_ISA_USAGE = YES_ERROR;
				CLANG_WARN_DOCUMENTATION_COMMENTS = YES;
				CLANG_WARN_EMPTY_BODY = YES;
				CLANG_WARN_ENUM_CONVERSION = YES;
				CLANG_WARN_INFINITE_RECURSION = YES;
				CLANG_WARN_INT_CONVERSION = YES;
				CLANG_WARN_NON_LITERAL_NULL_CONVERSION = YES;
				CLANG_WARN_OBJC_IMPLICIT_RETAIN_SELF = YES;
				CLANG_WARN_OBJC_LITERAL_CONVERSION = YES;
				CLANG_WARN_OBJC_ROOT_CLASS = YES_ERROR;
				CLANG_WARN_QUOTED_INCLUDE_IN_FRAMEWORK_HEADER = YES;
				CLANG_WARN_RANGE_LOOP_ANALYSIS = YES;
				CLANG_WARN_STRICT_PROTOTYPES = YES;
				CLANG_WARN_SUSPICIOUS_MOVE = YES;
				CLANG_WARN_UNGUARDED_AVAILABILITY = YES_AGGRESSIVE;
				CLANG_WARN_UNREACHABLE_CODE = YES;
				CLANG_WARN__DUPLICATE_METHOD_MATCH = YES;
				COPY_PHASE_STRIP = YES;
				DEBUG_INFORMATION_FORMAT = "dwarf-with-dsym";
				ENABLE_NS_ASSERTIONS = NO;
				ENABLE_STRICT_OBJC_MSGSEND = YES;
				ENABLE_USER_SCRIPT_SANDBOXING = YES;
				GCC_C_LANGUAGE_STANDARD = gnu17;
				GCC_NO_COMMON_BLOCKS = YES;
				GCC_WARN_64_TO_32_BIT_CONVERSION = YES;
				GCC_WARN_ABOUT_RETURN_TYPE = YES_ERROR;
				GCC_WARN_UNDECLARED_SELECTOR = YES;
				GCC_WARN_UNINITIALIZED_AUTOS = YES_AGGRESSIVE;
				GCC_WARN_UNUSED_FUNCTION = YES;
				GCC_WARN_UNUSED_VARIABLE = YES;
				IPHONEOS_DEPLOYMENT_TARGET = 17.0;
				LOCALIZATION_PREFERS_STRING_CATALOGS = YES;
				MTL_ENABLE_DEBUG_INFO = NO;
				MTL_FAST_MATH = YES;
				SDKROOT = iphoneos;
				SWIFT_COMPILATION_MODE = wholemodule;
				VALIDATE_PRODUCT = YES;
			};
			name = Release;
		};
		6509ADA63053F0AC00B67E93 /* Debug */ = {
			isa = XCBuildConfiguration;
			buildSettings = {
				ASSETCATALOG_COMPILER_APPICON_NAME = AppIcon;
				ASSETCATALOG_COMPILER_GLOBAL_ACCENT_COLOR_NAME = AccentColor;
				CODE_SIGN_STYLE = Automatic;
				CURRENT_PROJECT_VERSION = 2;
				DEVELOPMENT_TEAM = 3N3ZPJZ6BG;
				ENABLE_PREVIEWS = YES;
				GENERATE_INFOPLIST_FILE = NO;
				INFOPLIST_FILE = UcapHutang/Info.plist;
				INFOPLIST_KEY_NSContactsUsageDescription = "Aplikasi memerlukan akses kontak untuk menghubungkan nama pada catatan dengan kontak kamu.";
				INFOPLIST_KEY_NSMicrophoneUsageDescription = "Aplikasi memerlukan akses mikrofon untuk input suara.";
				INFOPLIST_KEY_NSSpeechRecognitionUsageDescription = "Aplikasi memerlukan izin speech recognition untuk mendengarkan pesan suara dan mengubahnya menjadi teks.";
				INFOPLIST_KEY_UIApplicationSceneManifest_Generation = YES;
				INFOPLIST_KEY_UIApplicationSupportsIndirectInputEvents = YES;
				INFOPLIST_KEY_UILaunchScreen_Generation = YES;
				INFOPLIST_KEY_UISupportedInterfaceOrientations_iPad = "UIInterfaceOrientationPortrait UIInterfaceOrientationPortraitUpsideDown UIInterfaceOrientationLandscapeLeft UIInterfaceOrientationLandscapeRight";
				INFOPLIST_KEY_UISupportedInterfaceOrientations_iPhone = "UIInterfaceOrientationPortrait UIInterfaceOrientationLandscapeLeft UIInterfaceOrientationLandscapeRight";
				LD_RUNPATH_SEARCH_PATHS = (
					"$(inherited)",
					"@executable_path/Frameworks",
				);
				MARKETING_VERSION = 1.0;
				PRODUCT_BUNDLE_IDENTIFIER = AdhiKrisna.UcapHutang;
				PRODUCT_NAME = "$(TARGET_NAME)";
				STRING_CATALOG_GENERATE_SYMBOLS = YES;
				SUPPORTS_MACCATALYST = NO;
				SUPPORTS_MAC_DESIGNED_FOR_IPHONE_IPAD = NO;
				SWIFT_APPROACHABLE_CONCURRENCY = YES;
				SWIFT_DEFAULT_ACTOR_ISOLATION = MainActor;
				SWIFT_EMIT_LOC_STRINGS = YES;
				SWIFT_UPCOMING_FEATURE_MEMBER_IMPORT_VISIBILITY = YES;
				SWIFT_VERSION = 5.0;
				TARGETED_DEVICE_FAMILY = 1;
			};
			name = Debug;
		};
		6509ADA73053F0AC00B67E93 /* Release */ = {
			isa = XCBuildConfiguration;
			buildSettings = {
				ASSETCATALOG_COMPILER_APPICON_NAME = AppIcon;
				ASSETCATALOG_COMPILER_GLOBAL_ACCENT_COLOR_NAME = AccentColor;
				CODE_SIGN_STYLE = Automatic;
				CURRENT_PROJECT_VERSION = 2;
				DEVELOPMENT_TEAM = 3N3ZPJZ6BG;
				ENABLE_PREVIEWS = YES;
				GENERATE_INFOPLIST_FILE = NO;
				INFOPLIST_FILE = UcapHutang/Info.plist;
				INFOPLIST_KEY_NSContactsUsageDescription = "Aplikasi memerlukan akses kontak untuk menghubungkan nama pada catatan dengan kontak kamu.";
				INFOPLIST_KEY_NSMicrophoneUsageDescription = "Aplikasi memerlukan akses mikrofon untuk input suara.";
				INFOPLIST_KEY_NSSpeechRecognitionUsageDescription = "Aplikasi memerlukan izin speech recognition untuk mendengarkan pesan suara dan mengubahnya menjadi teks.";
				INFOPLIST_KEY_UIApplicationSceneManifest_Generation = YES;
				INFOPLIST_KEY_UIApplicationSupportsIndirectInputEvents = YES;
				INFOPLIST_KEY_UILaunchScreen_Generation = YES;
				INFOPLIST_KEY_UISupportedInterfaceOrientations_iPad = "UIInterfaceOrientationPortrait UIInterfaceOrientationPortraitUpsideDown UIInterfaceOrientationLandscapeLeft UIInterfaceOrientationLandscapeRight";
				INFOPLIST_KEY_UISupportedInterfaceOrientations_iPhone = "UIInterfaceOrientationPortrait UIInterfaceOrientationLandscapeLeft UIInterfaceOrientationLandscapeRight";
				LD_RUNPATH_SEARCH_PATHS = (
					"$(inherited)",
					"@executable_path/Frameworks",
				);
				MARKETING_VERSION = 1.0;
				PRODUCT_BUNDLE_IDENTIFIER = AdhiKrisna.UcapHutang;
				PRODUCT_NAME = "$(TARGET_NAME)";
				STRING_CATALOG_GENERATE_SYMBOLS = YES;
				SUPPORTS_MACCATALYST = NO;
				SUPPORTS_MAC_DESIGNED_FOR_IPHONE_IPAD = NO;
				SWIFT_APPROACHABLE_CONCURRENCY = YES;
				SWIFT_DEFAULT_ACTOR_ISOLATION = MainActor;
				SWIFT_EMIT_LOC_STRINGS = YES;
				SWIFT_UPCOMING_FEATURE_MEMBER_IMPORT_VISIBILITY = YES;
				SWIFT_VERSION = 5.0;
				TARGETED_DEVICE_FAMILY = 1;
			};
			name = Release;
		};
		B20000000000000000000008 /* Debug */ = {
			isa = XCBuildConfiguration;
			buildSettings = {
				BUNDLE_LOADER = "$(TEST_HOST)";
				CODE_SIGN_STYLE = Automatic;
				CURRENT_PROJECT_VERSION = 2;
				GENERATE_INFOPLIST_FILE = YES;
				IPHONEOS_DEPLOYMENT_TARGET = 17.0;
				MARKETING_VERSION = 1.0;
				PRODUCT_BUNDLE_IDENTIFIER = AdhiKrisna.UcapHutangTests;
				PRODUCT_NAME = "$(TARGET_NAME)";
				SUPPORTS_MACCATALYST = NO;
				SUPPORTS_MAC_DESIGNED_FOR_IPHONE_IPAD = NO;
				SWIFT_DEFAULT_ACTOR_ISOLATION = MainActor;
				SWIFT_VERSION = 5.0;
				TARGETED_DEVICE_FAMILY = 1;
				TEST_HOST = "$(BUILT_PRODUCTS_DIR)/UcapHutang.app/$(BUNDLE_EXECUTABLE_FOLDER_PATH)/UcapHutang";
			};
			name = Debug;
		};
		B2000000000000000000000A /* Release */ = {
			isa = XCBuildConfiguration;
			buildSettings = {
				BUNDLE_LOADER = "$(TEST_HOST)";
				CODE_SIGN_STYLE = Automatic;
				CURRENT_PROJECT_VERSION = 2;
				GENERATE_INFOPLIST_FILE = YES;
				IPHONEOS_DEPLOYMENT_TARGET = 17.0;
				MARKETING_VERSION = 1.0;
				PRODUCT_BUNDLE_IDENTIFIER = AdhiKrisna.UcapHutangTests;
				PRODUCT_NAME = "$(TARGET_NAME)";
				SUPPORTS_MACCATALYST = NO;
				SUPPORTS_MAC_DESIGNED_FOR_IPHONE_IPAD = NO;
				SWIFT_DEFAULT_ACTOR_ISOLATION = MainActor;
				SWIFT_VERSION = 5.0;
				TARGETED_DEVICE_FAMILY = 1;
				TEST_HOST = "$(BUILT_PRODUCTS_DIR)/UcapHutang.app/$(BUNDLE_EXECUTABLE_FOLDER_PATH)/UcapHutang";
			};
			name = Release;
		};
		C30000000000000000000021 /* Debug */ = {
			isa = XCBuildConfiguration;
			buildSettings = {
				CODE_SIGN_STYLE = Automatic;
				CURRENT_PROJECT_VERSION = 2;
				DEVELOPMENT_TEAM = 3N3ZPJZ6BG;
				GENERATE_INFOPLIST_FILE = NO;
				INFOPLIST_FILE = UcapHutangWidget/Info.plist;
				IPHONEOS_DEPLOYMENT_TARGET = 17.0;
				MARKETING_VERSION = 1.0;
				PRODUCT_BUNDLE_IDENTIFIER = AdhiKrisna.UcapHutang.Widget;
				PRODUCT_NAME = "$(TARGET_NAME)";
				SKIP_INSTALL = YES;
				SUPPORTS_MACCATALYST = NO;
				SUPPORTS_MAC_DESIGNED_FOR_IPHONE_IPAD = NO;
				SWIFT_APPROACHABLE_CONCURRENCY = YES;
				SWIFT_DEFAULT_ACTOR_ISOLATION = MainActor;
				SWIFT_EMIT_LOC_STRINGS = YES;
				SWIFT_VERSION = 5.0;
				TARGETED_DEVICE_FAMILY = 1;
			};
			name = Debug;
		};
		C30000000000000000000022 /* Release */ = {
			isa = XCBuildConfiguration;
			buildSettings = {
				CODE_SIGN_STYLE = Automatic;
				CURRENT_PROJECT_VERSION = 2;
				DEVELOPMENT_TEAM = 3N3ZPJZ6BG;
				GENERATE_INFOPLIST_FILE = NO;
				INFOPLIST_FILE = UcapHutangWidget/Info.plist;
				IPHONEOS_DEPLOYMENT_TARGET = 17.0;
				MARKETING_VERSION = 1.0;
				PRODUCT_BUNDLE_IDENTIFIER = AdhiKrisna.UcapHutang.Widget;
				PRODUCT_NAME = "$(TARGET_NAME)";
				SKIP_INSTALL = YES;
				SUPPORTS_MACCATALYST = NO;
				SUPPORTS_MAC_DESIGNED_FOR_IPHONE_IPAD = NO;
				SWIFT_APPROACHABLE_CONCURRENCY = YES;
				SWIFT_DEFAULT_ACTOR_ISOLATION = MainActor;
				SWIFT_EMIT_LOC_STRINGS = YES;
				SWIFT_VERSION = 5.0;
				TARGETED_DEVICE_FAMILY = 1;
			};
			name = Release;
		};
/* End XCBuildConfiguration section */

/* Begin XCConfigurationList section */
		6509AD953053F0AB00B67E93 /* Build configuration list for PBXProject "UcapHutang" */ = {
			isa = XCConfigurationList;
			buildConfigurations = (
				6509ADA33053F0AC00B67E93 /* Debug */,
				6509ADA43053F0AC00B67E93 /* Release */,
			);
			defaultConfigurationIsVisible = 0;
			defaultConfigurationName = Release;
		};
		6509ADA53053F0AC00B67E93 /* Build configuration list for PBXNativeTarget "UcapHutang" */ = {
			isa = XCConfigurationList;
			buildConfigurations = (
				6509ADA63053F0AC00B67E93 /* Debug */,
				6509ADA73053F0AC00B67E93 /* Release */,
			);
			defaultConfigurationIsVisible = 0;
			defaultConfigurationName = Release;
		};
		B20000000000000000000009 /* Build configuration list for PBXNativeTarget "UcapHutangTests" */ = {
			isa = XCConfigurationList;
			buildConfigurations = (
				B20000000000000000000008 /* Debug */,
				B2000000000000000000000A /* Release */,
			);
			defaultConfigurationIsVisible = 0;
			defaultConfigurationName = Release;
		};
		C30000000000000000000020 /* Build configuration list for PBXNativeTarget "UcapHutangWidget" */ = {
			isa = XCConfigurationList;
			buildConfigurations = (
				C30000000000000000000021 /* Debug */,
				C30000000000000000000022 /* Release */,
			);
			defaultConfigurationIsVisible = 0;
			defaultConfigurationName = Release;
		};
/* End XCConfigurationList section */

/* Begin XCRemoteSwiftPackageReference section */
		A10000000000000000000021 /* XCRemoteSwiftPackageReference "mlx-swift" */ = {
			isa = XCRemoteSwiftPackageReference;
			repositoryURL = "https://github.com/ml-explore/mlx-swift";
			requirement = {
				kind = exactVersion;
				version = 0.31.6;
			};
		};
		A10000000000000000000022 /* XCRemoteSwiftPackageReference "mlx-swift-lm" */ = {
			isa = XCRemoteSwiftPackageReference;
			repositoryURL = "https://github.com/ml-explore/mlx-swift-lm";
			requirement = {
				kind = exactVersion;
				version = 3.31.4;
			};
		};
		A10000000000000000000023 /* XCRemoteSwiftPackageReference "swift-transformers" */ = {
			isa = XCRemoteSwiftPackageReference;
			repositoryURL = "https://github.com/huggingface/swift-transformers";
			requirement = {
				kind = exactVersion;
				version = 1.3.4;
			};
			traits = (
			);
		};
/* End XCRemoteSwiftPackageReference section */

/* Begin XCSwiftPackageProductDependency section */
		A10000000000000000000011 /* MLX */ = {
			isa = XCSwiftPackageProductDependency;
			package = A10000000000000000000021 /* XCRemoteSwiftPackageReference "mlx-swift" */;
			productName = MLX;
		};
		A10000000000000000000012 /* MLXLLM */ = {
			isa = XCSwiftPackageProductDependency;
			package = A10000000000000000000022 /* XCRemoteSwiftPackageReference "mlx-swift-lm" */;
			productName = MLXLLM;
		};
		A10000000000000000000013 /* MLXLMCommon */ = {
			isa = XCSwiftPackageProductDependency;
			package = A10000000000000000000022 /* XCRemoteSwiftPackageReference "mlx-swift-lm" */;
			productName = MLXLMCommon;
		};
		A10000000000000000000014 /* MLXHuggingFace */ = {
			isa = XCSwiftPackageProductDependency;
			package = A10000000000000000000022 /* XCRemoteSwiftPackageReference "mlx-swift-lm" */;
			productName = MLXHuggingFace;
		};
		A10000000000000000000015 /* HuggingFace */ = {
			isa = XCSwiftPackageProductDependency;
			package = A10000000000000000000023 /* XCRemoteSwiftPackageReference "swift-transformers" */;
			productName = HuggingFace;
		};
		A10000000000000000000016 /* Tokenizers */ = {
			isa = XCSwiftPackageProductDependency;
			package = A10000000000000000000023 /* XCRemoteSwiftPackageReference "swift-transformers" */;
			productName = Tokenizers;
		};
/* End XCSwiftPackageProductDependency section */
	};
	rootObject = 6509AD923053F0AB00B67E93 /* Project object */;
}
